schema: '2.0'
stages:
  ingest_bronze:
    cmd: python NYCdata/scripts/1_nycdata_etl.py
    deps:
    - path: NYCdata/scripts/1_nycdata_etl.py
      hash: md5
      md5: cb114f538b007f478f9cb6f703437278
      size: 9611
    outs:
    - path: NYCdata/metadata/bronze_status.json
      hash: md5
      md5: f14b7830212964cdd5e90e5c4305745c
      size: 114
  transform_silver:
    cmd: python NYCdata/scripts/2_nycdata_silver.py
    deps:
    - path: NYCdata/scripts/2_nycdata_silver.py
      hash: md5
      md5: ae11e4d0b8bff1be82cf64abcea8aa00
      size: 15386
    - path: NYCdata/scripts/schemas.py
      hash: md5
      md5: 8d56b8c795a9b68c9b98781957b646d8
      size: 6095
    outs:
    - path: NYCdata/metadata/silver_status.json
      hash: md5
      md5: 7da1fe09a4828ab7c079cb125fe31b69
      size: 285
