schema: '2.0'
stages:
  ingest_bronze:
    cmd: python NYCdata/scripts/1_nycdata_etl.py
    deps:
    - path: NYCdata/scripts/1_nycdata_etl.py
      hash: md5
      md5: cb114f538b007f478f9cb6f703437278
      size: 9611
    outs:
    - path: NYCdata/metadata/bronze_status.json
      hash: md5
      md5: ba4f907e4e9564d082577681fb5960f3
      size: 114
  transform_silver:
    cmd: python NYCdata/scripts/2_nycdata_silver.py
    deps:
    - path: NYCdata/metadata/bronze_status.json
      hash: md5
      md5: ba4f907e4e9564d082577681fb5960f3
      size: 114
    - path: NYCdata/scripts/2_nycdata_silver.py
      hash: md5
      md5: 2b65eecefa5271ddacc678f2f6818833
      size: 15655
    - path: NYCdata/scripts/schemas.py
      hash: md5
      md5: 3dbeca5b52eeef9095a10ca147ac51ef
      size: 12209
    outs:
    - path: NYCdata/metadata/silver_status.json
      hash: md5
      md5: e9a3b876f793c425979e3736e6026bbf
      size: 285
