schema: '2.0'
stages:
  ingest_bronze:
    cmd: python NYCdata/scripts/1_nycdata_etl.py
    deps:
    - path: NYCdata/scripts/1_nycdata_etl.py
      hash: md5
      md5: 30e769f91157000a17ad70af69f0774c
      size: 8558
  transform_silver:
    cmd: python NYCdata/scripts/2_nycdata_silver.py
    deps:
    - path: NYCdata/scripts/2_nycdata_silver.py
      hash: md5
      md5: ae11e4d0b8bff1be82cf64abcea8aa00
      size: 15386
    - path: NYCdata/scripts/schemas.py
      hash: md5
      md5: 8d56b8c795a9b68c9b98781957b646d8
      size: 6095
    outs:
    - path: NYCdata/metadata/silver_status.json
      hash: md5
      md5: 1adb8b53493a2245b595066aa3d87c24
      size: 285
